// !$*UTF8*$!
{
	archiveVersion = 1;
	classes = {
	};
	objectVersion = 55;
	objects = {

/* Begin PBXBuildFile section */
		AD77592027C01583008AFF5A /* iReceiptAppApp.swift in Sources */ = {isa = PBXBuildFile; fileRef = AD77591F27C01583008AFF5A /* iReceiptAppApp.swift */; };
		AD77592227C01583008AFF5A /* ContentView.swift in Sources */ = {isa = PBXBuildFile; fileRef = AD77592127C01583008AFF5A /* ContentView.swift */; };
		AD77592427C01584008AFF5A /* Assets.xcassets in Resources */ = {isa = PBXBuildFile; fileRef = AD77592327C01584008AFF5A /* Assets.xcassets */; };
		AD77592727C01584008AFF5A /* Preview Assets.xcassets in Resources */ = {isa = PBXBuildFile; fileRef = AD77592627C01584008AFF5A /* Preview Assets.xcassets */; };
		AD77592F27C015CA008AFF5A /* ImgaePicker.swift in Sources */ = {isa = PBXBuildFile; fileRef = AD77592E27C015CA008AFF5A /* ImgaePicker.swift */; };
		AD77593327C01632008AFF5A /* ImageDataModel.swift in Sources */ = {isa = PBXBuildFile; fileRef = AD77593227C01632008AFF5A /* ImageDataModel.swift */; };
		AD77593827C0168A008AFF5A /* HomeView.swift in Sources */ = {isa = PBXBuildFile; fileRef = AD77593727C0168A008AFF5A /* HomeView.swift */; };
		AD77593A27C01698008AFF5A /* NoteDetailView.swift in Sources */ = {isa = PBXBuildFile; fileRef = AD77593927C01698008AFF5A /* NoteDetailView.swift */; };
/* End PBXBuildFile section */

/* Begin PBXFileReference section */
		AD77591C27C01583008AFF5A /* iReceiptApp.app */ = {isa = PBXFileReference; explicitFileType = wrapper.application; includeInIndex = 0; path = iReceiptApp.app; sourceTree = BUILT_PRODUCTS_DIR; };
		AD77591F27C01583008AFF5A /* iReceiptAppApp.swift */ = {isa = PBXFileReference; lastKnownFileType = sourcecode.swift; path = iReceiptAppApp.swift; sourceTree = "<group>"; };
		AD77592127C01583008AFF5A /* ContentView.swift */ = {isa = PBXFileReference; lastKnownFileType = sourcecode.swift; path = ContentView.swift; sourceTree = "<group>"; };
		AD77592327C01584008AFF5A /* Assets.xcassets */ = {isa = PBXFileReference; lastKnownFileType = folder.assetcatalog; path = Assets.xcassets; sourceTree = "<group>"; };
		AD77592627C01584008AFF5A /* Preview Assets.xcassets */ = {isa = PBXFileReference; lastKnownFileType = folder.assetcatalog; path = "Preview Assets.xcassets"; sourceTree = "<group>"; };
		AD77592E27C015CA008AFF5A /* ImgaePicker.swift */ = {isa = PBXFileReference; lastKnownFileType = sourcecode.swift; path = ImgaePicker.swift; sourceTree = "<group>"; };
		AD77593227C01632008AFF5A /* ImageDataModel.swift */ = {isa = PBXFileReference; lastKnownFileType = sourcecode.swift; path = ImageDataModel.swift; sourceTree = "<group>"; };
		AD77593727C0168A008AFF5A /* HomeView.swift */ = {isa = PBXFileReference; lastKnownFileType = sourcecode.swift; path = HomeView.swift; sourceTree = "<group>"; };
		AD77593927C01698008AFF5A /* NoteDetailView.swift */ = {isa = PBXFileReference; lastKnownFileType = sourcecode.swift; path = NoteDetailView.swift; sourceTree = "<group>"; };
/* End PBXFileReference section */

/* Begin PBXFrameworksBuildPhase section */
		AD77591927C01583008AFF5A /* Frameworks */ = {
			isa = PBXFrameworksBuildPhase;
			buildActionMask = 2147483647;
			files = (
			);
			runOnlyForDeploymentPostprocessing = 0;
		};
/* End PBXFrameworksBuildPhase section */

/* Begin PBXGroup section */
		AD77591327C01583008AFF5A = {
			isa = PBXGroup;
			children = (
				AD77591E27C01583008AFF5A /* iReceiptApp */,
				AD77591D27C01583008AFF5A /* Products */,
			);
			sourceTree = "<group>";
		};
		AD77591D27C01583008AFF5A /* Products */ = {
			isa = PBXGroup;
			children = (
				AD77591C27C01583008AFF5A /* iReceiptApp.app */,
			);
			name = Products;
			sourceTree = "<group>";
		};
		AD77591E27C01583008AFF5A /* iReceiptApp */ = {
			isa = PBXGroup;
			children = (
				AD77591F27C01583008AFF5A /* iReceiptAppApp.swift */,
				AD77593427C01643008AFF5A /* View */,
				AD77593027C0160D008AFF5A /* ImageData */,
				AD77592D27C0159F008AFF5A /* ImagePickerFeature */,
				AD77592327C01584008AFF5A /* Assets.xcassets */,
				AD77592527C01584008AFF5A /* Preview Content */,
			);
			path = iReceiptApp;
			sourceTree = "<group>";
		};
		AD77592527C01584008AFF5A /* Preview Content */ = {
			isa = PBXGroup;
			children = (
				AD77592627C01584008AFF5A /* Preview Assets.xcassets */,
			);
			path = "Preview Content";
			sourceTree = "<group>";
		};
		AD77592D27C0159F008AFF5A /* ImagePickerFeature */ = {
			isa = PBXGroup;
			children = (
				AD77592E27C015CA008AFF5A /* ImgaePicker.swift */,
			);
			path = ImagePickerFeature;
			sourceTree = "<group>";
		};
		AD77593027C0160D008AFF5A /* ImageData */ = {
			isa = PBXGroup;
			children = (
				AD77593127C0161F008AFF5A /* Model */,
			);
			path = ImageData;
			sourceTree = "<group>";
		};
		AD77593127C0161F008AFF5A /* Model */ = {
			isa = PBXGroup;
			children = (
				AD77593227C01632008AFF5A /* ImageDataModel.swift */,
			);
			path = Model;
			sourceTree = "<group>";
		};
		AD77593427C01643008AFF5A /* View */ = {
			isa = PBXGroup;
			children = (
				AD77592127C01583008AFF5A /* ContentView.swift */,
				AD77593727C0168A008AFF5A /* HomeView.swift */,
				AD77593927C01698008AFF5A /* NoteDetailView.swift */,
			);
			path = View;
			sourceTree = "<group>";
		};
/* End PBXGroup section */

/* Begin PBXNativeTarget section */
		AD77591B27C01583008AFF5A /* iReceiptApp */ = {
			isa = PBXNativeTarget;
			buildConfigurationList = AD77592A27C01584008AFF5A /* Build configuration list for PBXNativeTarget "iReceiptApp" */;
			buildPhases = (
				AD77591827C01583008AFF5A /* Sources */,
				AD77591927C01583008AFF5A /* Frameworks */,
				AD77591A27C01583008AFF5A /* Resources */,
			);
			buildRules = (
			);
			dependencies = (
			);
			name = iReceiptApp;
			productName = iReceiptApp;
			productReference = AD77591C27C01583008AFF5A /* iReceiptApp.app */;
			productType = "com.apple.product-type.application";
		};
/* End PBXNativeTarget section */

/* Begin PBXProject section */
		AD77591427C01583008AFF5A /* Project object */ = {
			isa = PBXProject;
			attributes = {
				BuildIndependentTargetsInParallel = 1;
				LastSwiftUpdateCheck = 1320;
				LastUpgradeCheck = 1320;
				TargetAttributes = {
					AD77591B27C01583008AFF5A = {
						CreatedOnToolsVersion = 13.2.1;
					};
				};
			};
			buildConfigurationList = AD77591727C01583008AFF5A /* Build configuration list for PBXProject "iReceiptApp" */;
			compatibilityVersion = "Xcode 13.0";
			developmentRegion = en;
			hasScannedForEncodings = 0;
			knownRegions = (
				en,
				Base,
			);
			mainGroup = AD77591327C01583008AFF5A;
			productRefGroup = AD77591D27C01583008AFF5A /* Products */;
			projectDirPath = "";
			projectRoot = "";
			targets = (
				AD77591B27C01583008AFF5A /* iReceiptApp */,
			);
		};
/* End PBXProject section */

/* Begin PBXResourcesBuildPhase section */
		AD77591A27C01583008AFF5A /* Resources */ = {
			isa = PBXResourcesBuildPhase;
			buildActionMask = 2147483647;
			files = (
				AD77592727C01584008AFF5A /* Preview Assets.xcassets in Resources */,
				AD77592427C01584008AFF5A /* Assets.xcassets in Resources */,
			);
			runOnlyForDeploymentPostprocessing = 0;
		};
/* End PBXResourcesBuildPhase section */

/* Begin PBXSourcesBuildPhase section */
		AD77591827C01583008AFF5A /* Sources */ = {
			isa = PBXSourcesBuildPhase;
			buildActionMask = 2147483647;
			files = (
				AD77592227C01583008AFF5A /* ContentView.swift in Sources */,
				AD77593327C01632008AFF5A /* ImageDataModel.swift in Sources */,
				AD77592F27C015CA008AFF5A /* ImgaePicker.swift in Sources */,
				AD77593A27C01698008AFF5A /* NoteDetailView.swift in Sources */,
				AD77593827C0168A008AFF5A /* HomeView.swift in Sources */,
				AD77592027C01583008AFF5A /* iReceiptAppApp.swift in Sources */,
			);
			runOnlyForDeploymentPostprocessing = 0;
		};
/* End PBXSourcesBuildPhase section */

/* Begin XCBuildConfiguration section */
		AD77592827C01584008AFF5A /* Debug */ = {
			isa = XCBuildConfiguration;
			buildSettings = {
				ALWAYS_SEARCH_USER_PATHS = NO;
				CLANG_ANALYZER_NONNULL = YES;
				CLANG_ANALYZER_NUMBER_OBJECT_CONVERSION = YES_AGGRESSIVE;
				CLANG_CXX_LANGUAGE_STANDARD = "gnu++17";
				CLANG_CXX_LIBRARY = "libc++";
				CLANG_ENABLE_MODULES = YES;
				CLANG_ENABLE_OBJC_ARC = YES;
				CLANG_ENABLE_OBJC_WEAK = YES;
				CLANG_WARN_BLOCK_CAPTURE_AUTORELEASING = YES;
				CLANG_WARN_BOOL_CONVERSION = YES;
				CLANG_WARN_COMMA = YES;
				CLANG_WARN_CONSTANT_CONVERSION = YES;
				CLANG_WARN_DEPRECATED_OBJC_IMPLEMENTATIONS = YES;
				CLANG_WARN_DIRECT_OBJC_ISA_USAGE = YES_ERROR;
				CLANG_WARN_DOCUMENTATION_COMMENTS = YES;
				CLANG_WARN_EMPTY_BODY = YES;
				CLANG_WARN_ENUM_CONVERSION = YES;
				CLANG_WARN_INFINITE_RECURSION = YES;
				CLANG_WARN_INT_CONVERSION = YES;
				CLANG_WARN_NON_LITERAL_NULL_CONVERSION = YES;
				CLANG_WARN_OBJC_IMPLICIT_RETAIN_SELF = YES;
				CLANG_WARN_OBJC_LITERAL_CONVERSION = YES;
				CLANG_WARN_OBJC_ROOT_CLASS = YES_ERROR;
				CLANG_WARN_QUOTED_INCLUDE_IN_FRAMEWORK_HEADER = YES;
				CLANG_WARN_RANGE_LOOP_ANALYSIS = YES;
				CLANG_WARN_STRICT_PROTOTYPES = YES;
				CLANG_WARN_SUSPICIOUS_MOVE = YES;
				CLANG_WARN_UNGUARDED_AVAILABILITY = YES_AGGRESSIVE;
				CLANG_WARN_UNREACHABLE_CODE = YES;
				CLANG_WARN__DUPLICATE_METHOD_MATCH = YES;
				COPY_PHASE_STRIP = NO;
				DEBUG_INFORMATION_FORMAT = dwarf;
				ENABLE_STRICT_OBJC_MSGSEND = YES;
				ENABLE_TESTABILITY = YES;
				GCC_C_LANGUAGE_STANDARD = gnu11;
				GCC_DYNAMIC_NO_PIC = NO;
				GCC_NO_COMMON_BLOCKS = YES;
				GCC_OPTIMIZATION_LEVEL = 0;
				GCC_PREPROCESSOR_DEFINITIONS = (
					"DEBUG=1",
					"$(inherited)",
				);
				GCC_WARN_64_TO_32_BIT_CONVERSION = YES;
				GCC_WARN_ABOUT_RETURN_TYPE = YES_ERROR;
				GCC_WARN_UNDECLARED_SELECTOR = YES;
				GCC_WARN_UNINITIALIZED_AUTOS = YES_AGGRESSIVE;
				GCC_WARN_UNUSED_FUNCTION = YES;
				GCC_WARN_UNUSED_VARIABLE = YES;
				IPHONEOS_DEPLOYMENT_TARGET = 15.2;
				MTL_ENABLE_DEBUG_INFO = INCLUDE_SOURCE;
				MTL_FAST_MATH = YES;
				ONLY_ACTIVE_ARCH = YES;
				SDKROOT = iphoneos;
				SWIFT_ACTIVE_COMPILATION_CONDITIONS = DEBUG;
				SWIFT_OPTIMIZATION_LEVEL = "-Onone";
			};
			name = Debug;
		};
		AD77592927C01584008AFF5A /* Release */ = {
			isa = XCBuildConfiguration;
			buildSettings = {
				ALWAYS_SEARCH_USER_PATHS = NO;
				CLANG_ANALYZER_NONNULL = YES;
				CLANG_ANALYZER_NUMBER_OBJECT_CONVERSION = YES_AGGRESSIVE;
				CLANG_CXX_LANGUAGE_STANDARD = "gnu++17";
				CLANG_CXX_LIBRARY = "libc++";
				CLANG_ENABLE_MODULES = YES;
				CLANG_ENABLE_OBJC_ARC = YES;
				CLANG_ENABLE_OBJC_WEAK = YES;
				CLANG_WARN_BLOCK_CAPTURE_AUTORELEASING = YES;
				CLANG_WARN_BOOL_CONVERSION = YES;
				CLANG_WARN_COMMA = YES;
				CLANG_WARN_CONSTANT_CONVERSION = YES;
				CLANG_WARN_DEPRECATED_OBJC_IMPLEMENTATIONS = YES;
				CLANG_WARN_DIRECT_OBJC_ISA_USAGE = YES_ERROR;
				CLANG_WARN_DOCUMENTATION_COMMENTS = YES;
				CLANG_WARN_EMPTY_BODY = YES;
				CLANG_WARN_ENUM_CONVERSION = YES;
				CLANG_WARN_INFINITE_RECURSION = YES;
				CLANG_WARN_INT_CONVERSION = YES;
				CLANG_WARN_NON_LITERAL_NULL_CONVERSION = YES;
				CLANG_WARN_OBJC_IMPLICIT_RETAIN_SELF = YES;
				CLANG_WARN_OBJC_LITERAL_CONVERSION = YES;
				CLANG_WARN_OBJC_ROOT_CLASS = YES_ERROR;
				CLANG_WARN_QUOTED_INCLUDE_IN_FRAMEWORK_HEADER = YES;
				CLANG_WARN_RANGE_LOOP_ANALYSIS = YES;
				CLANG_WARN_STRICT_PROTOTYPES = YES;
				CLANG_WARN_SUSPICIOUS_MOVE = YES;
				CLANG_WARN_UNGUARDED_AVAILABILITY = YES_AGGRESSIVE;
				CLANG_WARN_UNREACHABLE_CODE = YES;
				CLANG_WARN__DUPLICATE_METHOD_MATCH = YES;
				COPY_PHASE_STRIP = NO;
				DEBUG_INFORMATION_FORMAT = "dwarf-with-dsym";
				ENABLE_NS_ASSERTIONS = NO;
				ENABLE_STRICT_OBJC_MSGSEND = YES;
				GCC_C_LANGUAGE_STANDARD = gnu11;
				GCC_NO_COMMON_BLOCKS = YES;
				GCC_WARN_64_TO_32_BIT_CONVERSION = YES;
				GCC_WARN_ABOUT_RETURN_TYPE = YES_ERROR;
				GCC_WARN_UNDECLARED_SELECTOR = YES;
				GCC_WARN_UNINITIALIZED_AUTOS = YES_AGGRESSIVE;
				GCC_WARN_UNUSED_FUNCTION = YES;
				GCC_WARN_UNUSED_VARIABLE = YES;
				IPHONEOS_DEPLOYMENT_TARGET = 15.2;
				MTL_ENABLE_DEBUG_INFO = NO;
				MTL_FAST_MATH = YES;
				SDKROOT = iphoneos;
				SWIFT_COMPILATION_MODE = wholemodule;
				SWIFT_OPTIMIZATION_LEVEL = "-O";
				VALIDATE_PRODUCT = YES;
			};
			name = Release;
		};
		AD77592B27C01584008AFF5A /* Debug */ = {
			isa = XCBuildConfiguration;
			buildSettings = {
				ASSETCATALOG_COMPILER_APPICON_NAME = AppIcon;
				ASSETCATALOG_COMPILER_GLOBAL_ACCENT_COLOR_NAME = AccentColor;
				CODE_SIGN_STYLE = Automatic;
				CURRENT_PROJECT_VERSION = 1;
				DEVELOPMENT_ASSET_PATHS = "\"iReceiptApp/Preview Content\"";
				DEVELOPMENT_TEAM = F6CA2YF5CX;
				ENABLE_PREVIEWS = YES;
				GENERATE_INFOPLIST_FILE = YES;
				INFOPLIST_KEY_UIApplicationSceneManifest_Generation = YES;
				INFOPLIST_KEY_UIApplicationSupportsIndirectInputEvents = YES;
				INFOPLIST_KEY_UILaunchScreen_Generation = YES;
				INFOPLIST_KEY_UISupportedInterfaceOrientations_iPad = "UIInterfaceOrientationPortrait UIInterfaceOrientationPortraitUpsideDown UIInterfaceOrientationLandscapeLeft UIInterfaceOrientationLandscapeRight";
				INFOPLIST_KEY_UISupportedInterfaceOrientations_iPhone = "UIInterfaceOrientationPortrait UIInterfaceOrientationLandscapeLeft UIInterfaceOrientationLandscapeRight";
				LD_RUNPATH_SEARCH_PATHS = (
					"$(inherited)",
					"@executable_path/Frameworks",
				);
				MARKETING_VERSION = 1.0;
				PRODUCT_BUNDLE_IDENTIFIER = com.lemon.iReceiptApp;
				PRODUCT_NAME = "$(TARGET_NAME)";
				SWIFT_EMIT_LOC_STRINGS = YES;
				SWIFT_VERSION = 5.0;
				TARGETED_DEVICE_FAMILY = "1,2";
			};
			name = Debug;
		};
		AD77592C27C01584008AFF5A /* Release */ = {
			isa = XCBuildConfiguration;
			buildSettings = {
				ASSETCATALOG_COMPILER_APPICON_NAME = AppIcon;
				ASSETCATALOG_COMPILER_GLOBAL_ACCENT_COLOR_NAME = AccentColor;
				CODE_SIGN_STYLE = Automatic;
				CURRENT_PROJECT_VERSION = 1;
				DEVELOPMENT_ASSET_PATHS = "\"iReceiptApp/Preview Content\"";
				DEVELOPMENT_TEAM = F6CA2YF5CX;
				ENABLE_PREVIEWS = YES;
				GENERATE_INFOPLIST_FILE = YES;
				INFOPLIST_KEY_UIApplicationSceneManifest_Generation = YES;
				INFOPLIST_KEY_UIApplicationSupportsIndirectInputEvents = YES;
				INFOPLIST_KEY_UILaunchScreen_Generation = YES;
				INFOPLIST_KEY_UISupportedInterfaceOrientations_iPad = "UIInterfaceOrientationPortrait UIInterfaceOrientationPortraitUpsideDown UIInterfaceOrientationLandscapeLeft UIInterfaceOrientationLandscapeRight";
				INFOPLIST_KEY_UISupportedInterfaceOrientations_iPhone = "UIInterfaceOrientationPortrait UIInterfaceOrientationLandscapeLeft UIInterfaceOrientationLandscapeRight";
				LD_RUNPATH_SEARCH_PATHS = (
					"$(inherited)",
					"@executable_path/Frameworks",
				);
				MARKETING_VERSION = 1.0;
				PRODUCT_BUNDLE_IDENTIFIER = com.lemon.iReceiptApp;
				PRODUCT_NAME = "$(TARGET_NAME)";
				SWIFT_EMIT_LOC_STRINGS = YES;
				SWIFT_VERSION = 5.0;
				TARGETED_DEVICE_FAMILY = "1,2";
			};
			name = Release;
		};
/* End XCBuildConfiguration section */

/* Begin XCConfigurationList section */
		AD77591727C01583008AFF5A /* Build configuration list for PBXProject "iReceiptApp" */ = {
			isa = XCConfigurationList;
			buildConfigurations = (
				AD77592827C01584008AFF5A /* Debug */,
				AD77592927C01584008AFF5A /* Release */,
			);
			defaultConfigurationIsVisible = 0;
			defaultConfigurationName = Release;
		};
		AD77592A27C01584008AFF5A /* Build configuration list for PBXNativeTarget "iReceiptApp" */ = {
			isa = XCConfigurationList;
			buildConfigurations = (
				AD77592B27C01584008AFF5A /* Debug */,
				AD77592C27C01584008AFF5A /* Release */,
			);
			defaultConfigurationIsVisible = 0;
			defaultConfigurationName = Release;
		};
/* End XCConfigurationList section */
	};
	rootObject = AD77591427C01583008AFF5A /* Project object */;
}
